# This file is automatically @generated by Cargo.
# It is not intended for manual editing.
version = 4

[[package]]
name = "farm_nav"
version = "0.1.0"
source = "git+https://github.com/moritzbrantner/farm-game-engine?rev=956681e079ef0ffbc6d5393ddd01b65264e3a387#956681e079ef0ffbc6d5393ddd01b65264e3a387"

[[package]]
name = "settlement_game"
version = "0.1.0"
dependencies = [
 "farm_nav",
]
